
Microsoft Visual Studio Solution File, Format Version 12.00
# Visual Studio Version 16
VisualStudioVersion = 16.0.30330.147
MinimumVisualStudioVersion = 10.0.40219.1
Project("{2150E333-8FDC-42A3-9474-1A3956D46DE8}") = "src", "src", "{0C4975CE-B1B0-4929-9085-FF3E1387EF1E}"
EndProject
Project("{2150E333-8FDC-42A3-9474-1A3956D46DE8}") = "Catalog", "Catalog", "{BEEFB8BC-8FEE-4BDA-9252-9F072479D61B}"
EndProject
Project("{9A19103F-16F7-4668-BE54-9A1E7A4F7556}") = "Catalog.API", "src\Catalog\Catalog.API\Catalog.API.csproj", "{80DDCEF6-A6D6-4E12-B9CA-421FACFA1FF4}"
EndProject
Project("{E53339B2-1760-4266-BCC7-CA923CBCF16C}") = "docker-compose", "docker-compose.dcproj", "{4B3B5EE3-C3D5-48A7-BD36-E8E2CD9DDB91}"
EndProject
Project("{2150E333-8FDC-42A3-9474-1A3956D46DE8}") = "Basket", "Basket", "{0A6C6204-91F4-4F85-A655-A90A0FD73B27}"
EndProject
Project("{9A19103F-16F7-4668-BE54-9A1E7A4F7556}") = "Basket.API", "src\Basket\Basket.API\Basket.API.csproj", "{81105CA8-4D7F-4438-B10E-751F20D993B1}"
EndProject
Project("{2150E333-8FDC-42A3-9474-1A3956D46DE8}") = "Common", "Common", "{5298DDC7-8593-4481-AD1E-D312F3C7F9F5}"
EndProject
Project("{FAE04EC0-301F-11D3-BF4B-00C04F79EFBC}") = "EventBusRabbitMQ", "src\Common\EventBusRabbitMQ\EventBusRabbitMQ.csproj", "{47F31255-DE75-41C8-80EC-06DBB4A68DD9}"
EndProject
Project("{2150E333-8FDC-42A3-9474-1A3956D46DE8}") = "Ordering", "Ordering", "{DF0FDA3D-924D-410E-AC43-E29B9CB2F94D}"
EndProject
Project("{FAE04EC0-301F-11D3-BF4B-00C04F79EFBC}") = "Ordering.Core", "src\Ordering\Ordering.Core\Ordering.Core.csproj", "{6ED152BD-D103-4DC4-B08A-C2366FAA689D}"
EndProject
Project("{FAE04EC0-301F-11D3-BF4B-00C04F79EFBC}") = "Ordering.Infrastructure", "src\Ordering\Ordering.Infrastructure\Ordering.Infrastructure.csproj", "{2D4677E7-CFE3-41F5-BB1A-2DEA50673870}"
EndProject
Project("{FAE04EC0-301F-11D3-BF4B-00C04F79EFBC}") = "Ordering.Application", "src\Ordering\Ordering.Application\Ordering.Application.csproj", "{00FA70B9-9C50-4B4E-A020-EA0D445DFCC0}"
EndProject
Project("{FAE04EC0-301F-11D3-BF4B-00C04F79EFBC}") = "Ordering.API", "src\Ordering\Ordering.API\Ordering.API.csproj", "{FAA77B40-892B-4E86-8320-8FD88B3C5036}"
EndProject
Global
	GlobalSection(SolutionConfigurationPlatforms) = preSolution
		Debug|Any CPU = Debug|Any CPU
		Release|Any CPU = Release|Any CPU
	EndGlobalSection
	GlobalSection(ProjectConfigurationPlatforms) = postSolution
		{80DDCEF6-A6D6-4E12-B9CA-421FACFA1FF4}.Debug|Any CPU.ActiveCfg = Debug|Any CPU
		{80DDCEF6-A6D6-4E12-B9CA-421FACFA1FF4}.Debug|Any CPU.Build.0 = Debug|Any CPU
		{80DDCEF6-A6D6-4E12-B9CA-421FACFA1FF4}.Release|Any CPU.ActiveCfg = Release|Any CPU
		{80DDCEF6-A6D6-4E12-B9CA-421FACFA1FF4}.Release|Any CPU.Build.0 = Release|Any CPU
		{4B3B5EE3-C3D5-48A7-BD36-E8E2CD9DDB91}.Debug|Any CPU.ActiveCfg = Debug|Any CPU
		{4B3B5EE3-C3D5-48A7-BD36-E8E2CD9DDB91}.Debug|Any CPU.Build.0 = Debug|Any CPU
		{4B3B5EE3-C3D5-48A7-BD36-E8E2CD9DDB91}.Release|Any CPU.ActiveCfg = Release|Any CPU
		{4B3B5EE3-C3D5-48A7-BD36-E8E2CD9DDB91}.Release|Any CPU.Build.0 = Release|Any CPU
		{81105CA8-4D7F-4438-B10E-751F20D993B1}.Debug|Any CPU.ActiveCfg = Debug|Any CPU
		{81105CA8-4D7F-4438-B10E-751F20D993B1}.Debug|Any CPU.Build.0 = Debug|Any CPU
		{81105CA8-4D7F-4438-B10E-751F20D993B1}.Release|Any CPU.ActiveCfg = Release|Any CPU
		{81105CA8-4D7F-4438-B10E-751F20D993B1}.Release|Any CPU.Build.0 = Release|Any CPU
		{47F31255-DE75-41C8-80EC-06DBB4A68DD9}.Debug|Any CPU.ActiveCfg = Debug|Any CPU
		{47F31255-DE75-41C8-80EC-06DBB4A68DD9}.Debug|Any CPU.Build.0 = Debug|Any CPU
		{47F31255-DE75-41C8-80EC-06DBB4A68DD9}.Release|Any CPU.ActiveCfg = Release|Any CPU
		{47F31255-DE75-41C8-80EC-06DBB4A68DD9}.Release|Any CPU.Build.0 = Release|Any CPU
		{6ED152BD-D103-4DC4-B08A-C2366FAA689D}.Debug|Any CPU.ActiveCfg = Debug|Any CPU
		{6ED152BD-D103-4DC4-B08A-C2366FAA689D}.Debug|Any CPU.Build.0 = Debug|Any CPU
		{6ED152BD-D103-4DC4-B08A-C2366FAA689D}.Release|Any CPU.ActiveCfg = Release|Any CPU
		{6ED152BD-D103-4DC4-B08A-C2366FAA689D}.Release|Any CPU.Build.0 = Release|Any CPU
		{2D4677E7-CFE3-41F5-BB1A-2DEA50673870}.Debug|Any CPU.ActiveCfg = Debug|Any CPU
		{2D4677E7-CFE3-41F5-BB1A-2DEA50673870}.Debug|Any CPU.Build.0 = Debug|Any CPU
		{2D4677E7-CFE3-41F5-BB1A-2DEA50673870}.Release|Any CPU.ActiveCfg = Release|Any CPU
		{2D4677E7-CFE3-41F5-BB1A-2DEA50673870}.Release|Any CPU.Build.0 = Release|Any CPU
		{00FA70B9-9C50-4B4E-A020-EA0D445DFCC0}.Debug|Any CPU.ActiveCfg = Debug|Any CPU
		{00FA70B9-9C50-4B4E-A020-EA0D445DFCC0}.Debug|Any CPU.Build.0 = Debug|Any CPU
		{00FA70B9-9C50-4B4E-A020-EA0D445DFCC0}.Release|Any CPU.ActiveCfg = Release|Any CPU
		{00FA70B9-9C50-4B4E-A020-EA0D445DFCC0}.Release|Any CPU.Build.0 = Release|Any CPU
		{FAA77B40-892B-4E86-8320-8FD88B3C5036}.Debug|Any CPU.ActiveCfg = Debug|Any CPU
		{FAA77B40-892B-4E86-8320-8FD88B3C5036}.Debug|Any CPU.Build.0 = Debug|Any CPU
		{FAA77B40-892B-4E86-8320-8FD88B3C5036}.Release|Any CPU.ActiveCfg = Release|Any CPU
		{FAA77B40-892B-4E86-8320-8FD88B3C5036}.Release|Any CPU.Build.0 = Release|Any CPU
	EndGlobalSection
	GlobalSection(SolutionProperties) = preSolution
		HideSolutionNode = FALSE
	EndGlobalSection
	GlobalSection(NestedProjects) = preSolution
		{BEEFB8BC-8FEE-4BDA-9252-9F072479D61B} = {0C4975CE-B1B0-4929-9085-FF3E1387EF1E}
		{80DDCEF6-A6D6-4E12-B9CA-421FACFA1FF4} = {BEEFB8BC-8FEE-4BDA-9252-9F072479D61B}
		{0A6C6204-91F4-4F85-A655-A90A0FD73B27} = {0C4975CE-B1B0-4929-9085-FF3E1387EF1E}
		{81105CA8-4D7F-4438-B10E-751F20D993B1} = {0A6C6204-91F4-4F85-A655-A90A0FD73B27}
		{5298DDC7-8593-4481-AD1E-D312F3C7F9F5} = {0C4975CE-B1B0-4929-9085-FF3E1387EF1E}
		{47F31255-DE75-41C8-80EC-06DBB4A68DD9} = {5298DDC7-8593-4481-AD1E-D312F3C7F9F5}
		{DF0FDA3D-924D-410E-AC43-E29B9CB2F94D} = {0C4975CE-B1B0-4929-9085-FF3E1387EF1E}
		{6ED152BD-D103-4DC4-B08A-C2366FAA689D} = {DF0FDA3D-924D-410E-AC43-E29B9CB2F94D}
		{2D4677E7-CFE3-41F5-BB1A-2DEA50673870} = {DF0FDA3D-924D-410E-AC43-E29B9CB2F94D}
		{00FA70B9-9C50-4B4E-A020-EA0D445DFCC0} = {DF0FDA3D-924D-410E-AC43-E29B9CB2F94D}
		{FAA77B40-892B-4E86-8320-8FD88B3C5036} = {DF0FDA3D-924D-410E-AC43-E29B9CB2F94D}
	EndGlobalSection
	GlobalSection(ExtensibilityGlobals) = postSolution
		SolutionGuid = {FF6813F5-15FB-4EC5-B32C-CE59B30EC476}
	EndGlobalSection
EndGlobal
